
Microsoft Visual Studio Solution File, Format Version 12.00
# Visual Studio Version 17
VisualStudioVersion = 17.8.34601.278
MinimumVisualStudioVersion = 10.0.40219.1
Project("{FAE04EC0-301F-11D3-BF4B-00C04F79EFBC}") = "Solution", "Solution.csproj", "{9092E2CD-A9BE-4CDB-B836-048D5485D7F4}"
EndProject
Global
	GlobalSection(SolutionConfigurationPlatforms) = preSolution
		Debug|Any CPU = Debug|Any CPU
		Release|Any CPU = Release|Any CPU
	EndGlobalSection
	GlobalSection(ProjectConfigurationPlatforms) = postSolution
		{9092E2CD-A9BE-4CDB-B836-048D5485D7F4}.Debug|Any CPU.ActiveCfg = Debug|Any CPU
		{9092E2CD-A9BE-4CDB-B836-048D5485D7F4}.Debug|Any CPU.Build.0 = Debug|Any CPU
		{9092E2CD-A9BE-4CDB-B836-048D5485D7F4}.Release|Any CPU.ActiveCfg = Release|Any CPU
		{9092E2CD-A9BE-4CDB-B836-048D5485D7F4}.Release|Any CPU.Build.0 = Release|Any CPU
	EndGlobalSection
	GlobalSection(SolutionProperties) = preSolution
		HideSolutionNode = FALSE
	EndGlobalSection
	GlobalSection(ExtensibilityGlobals) = postSolution
		SolutionGuid = {CF3D4E47-D83A-4C47-BEAC-2BB36D166DFE}
	EndGlobalSection
EndGlobal
